{
  "name": "serverless-go-github-lang-rate",
  "lockfileVersion": 2,
  "requires": true,
  "packages": {
    "": {
      "devDependencies": {
        "serverless-api-gateway-caching": "^1.10.2"
      }
    },
    "node_modules/lodash.get": {
      "version": "4.4.2",
      "resolved": "https://registry.npmjs.org/lodash.get/-/lodash.get-4.4.2.tgz",
      "integrity": "sha512-z+Uw/vLuy6gQe8cfaFWD7p0wVv8fJl3mbzXh33RS+0oW2wvUqiRXiQ69gLWSLpgB5/6sU+r6BlQR0MBILadqTQ==",
      "dev": true
    },
    "node_modules/lodash.isempty": {
      "version": "4.4.0",
      "resolved": "https://registry.npmjs.org/lodash.isempty/-/lodash.isempty-4.4.0.tgz",
      "integrity": "sha512-oKMuF3xEeqDltrGMfDxAPGIVMSSRv8tbRSODbrs4KGsRRLEhrW8N8Rd4DRgB2+621hY8A8XwwrTVhXWpxFvMzg==",
      "dev": true
    },
    "node_modules/serverless-api-gateway-caching": {
      "version": "1.10.2",
      "resolved": "https://registry.npmjs.org/serverless-api-gateway-caching/-/serverless-api-gateway-caching-1.10.2.tgz",
      "integrity": "sha512-U30BvaBkeXvl8VKrNVf7Ja2VhtK4eJYyJyThqN/MIj9gglqbEgqQeHewpsYwjnave+YBp73Wk46M+83v0iQ+VQ==",
      "dev": true,
      "dependencies": {
        "lodash.get": "^4.4.2",
        "lodash.isempty": "^4.4.0"
      }
    }
  },
  "dependencies": {
    "lodash.get": {
      "version": "4.4.2",
      "resolved": "https://registry.npmjs.org/lodash.get/-/lodash.get-4.4.2.tgz",
      "integrity": "sha512-z+Uw/vLuy6gQe8cfaFWD7p0wVv8fJl3mbzXh33RS+0oW2wvUqiRXiQ69gLWSLpgB5/6sU+r6BlQR0MBILadqTQ==",
      "dev": true
    },
    "lodash.isempty": {
      "version": "4.4.0",
      "resolved": "https://registry.npmjs.org/lodash.isempty/-/lodash.isempty-4.4.0.tgz",
      "integrity": "sha512-oKMuF3xEeqDltrGMfDxAPGIVMSSRv8tbRSODbrs4KGsRRLEhrW8N8Rd4DRgB2+621hY8A8XwwrTVhXWpxFvMzg==",
      "dev": true
    },
    "serverless-api-gateway-caching": {
      "version": "1.10.2",
      "resolved": "https://registry.npmjs.org/serverless-api-gateway-caching/-/serverless-api-gateway-caching-1.10.2.tgz",
      "integrity": "sha512-U30BvaBkeXvl8VKrNVf7Ja2VhtK4eJYyJyThqN/MIj9gglqbEgqQeHewpsYwjnave+YBp73Wk46M+83v0iQ+VQ==",
      "dev": true,
      "requires": {
        "lodash.get": "^4.4.2",
        "lodash.isempty": "^4.4.0"
      }
    }
  }
}
